
Microsoft Visual Studio Solution File, Format Version 12.00
# Visual Studio Version 17
VisualStudioVersion = 17.7.34202.233
MinimumVisualStudioVersion = 10.0.40219.1
Project("{FAE04EC0-301F-11D3-BF4B-00C04F79EFBC}") = "DemoNetMediatR.API", "DemoNetMediatR.API\DemoNetMediatR.API.csproj", "{944118C8-EF12-4472-9372-856E335EAC21}"
EndProject
Global
	GlobalSection(SolutionConfigurationPlatforms) = preSolution
		Debug|Any CPU = Debug|Any CPU
		Release|Any CPU = Release|Any CPU
	EndGlobalSection
	GlobalSection(ProjectConfigurationPlatforms) = postSolution
		{944118C8-EF12-4472-9372-856E335EAC21}.Debug|Any CPU.ActiveCfg = Debug|Any CPU
		{944118C8-EF12-4472-9372-856E335EAC21}.Debug|Any CPU.Build.0 = Debug|Any CPU
		{944118C8-EF12-4472-9372-856E335EAC21}.Release|Any CPU.ActiveCfg = Release|Any CPU
		{944118C8-EF12-4472-9372-856E335EAC21}.Release|Any CPU.Build.0 = Release|Any CPU
	EndGlobalSection
	GlobalSection(SolutionProperties) = preSolution
		HideSolutionNode = FALSE
	EndGlobalSection
	GlobalSection(ExtensibilityGlobals) = postSolution
		SolutionGuid = {89CD5E95-EC0D-410B-9A56-883A475B35D9}
	EndGlobalSection
EndGlobal
